
Microsoft Visual Studio Solution File, Format Version 12.00
# Visual Studio 14
VisualStudioVersion = 14.0.25420.1
MinimumVisualStudioVersion = 10.0.40219.1
Project("{FAE04EC0-301F-11D3-BF4B-00C04F79EFBC}") = "Olive", "Olive\Olive\Olive.csproj", "{75CD58B9-0EF8-4787-A4F8-4450FFFD6A01}"
EndProject
Project("{FAE04EC0-301F-11D3-BF4B-00C04F79EFBC}") = "Olive.Droid", "Olive\Olive.Droid\Olive.Droid.csproj", "{B33384E9-BFC1-4076-89AA-C724D92A0119}"
EndProject
Project("{FAE04EC0-301F-11D3-BF4B-00C04F79EFBC}") = "Olive.iOS", "Olive\Olive.iOS\Olive.iOS.csproj", "{AA2DED44-02DC-4C81-B0AE-A8785BC7AA31}"
EndProject
Project("{2150E333-8FDC-42A3-9474-1A3956D46DE8}") = "Devices", "Devices", "{A9ED765C-CE0C-4793-B6A8-BA4E284F3ACA}"
EndProject
Global
	GlobalSection(SolutionConfigurationPlatforms) = preSolution
		Ad-Hoc|Any CPU = Ad-Hoc|Any CPU
		Ad-Hoc|ARM = Ad-Hoc|ARM
		Ad-Hoc|iPhone = Ad-Hoc|iPhone
		Ad-Hoc|iPhoneSimulator = Ad-Hoc|iPhoneSimulator
		Ad-Hoc|x64 = Ad-Hoc|x64
		Ad-Hoc|x86 = Ad-Hoc|x86
		AppStore|Any CPU = AppStore|Any CPU
		AppStore|ARM = AppStore|ARM
		AppStore|iPhone = AppStore|iPhone
		AppStore|iPhoneSimulator = AppStore|iPhoneSimulator
		AppStore|x64 = AppStore|x64
		AppStore|x86 = AppStore|x86
		Debug|Any CPU = Debug|Any CPU
		Debug|ARM = Debug|ARM
		Debug|iPhone = Debug|iPhone
		Debug|iPhoneSimulator = Debug|iPhoneSimulator
		Debug|x64 = Debug|x64
		Debug|x86 = Debug|x86
		Release|Any CPU = Release|Any CPU
		Release|ARM = Release|ARM
		Release|iPhone = Release|iPhone
		Release|iPhoneSimulator = Release|iPhoneSimulator
		Release|x64 = Release|x64
		Release|x86 = Release|x86
	EndGlobalSection
	GlobalSection(ProjectConfigurationPlatforms) = postSolution
		{75CD58B9-0EF8-4787-A4F8-4450FFFD6A01}.Ad-Hoc|Any CPU.ActiveCfg = Release|Any CPU
		{75CD58B9-0EF8-4787-A4F8-4450FFFD6A01}.Ad-Hoc|Any CPU.Build.0 = Release|Any CPU
		{75CD58B9-0EF8-4787-A4F8-4450FFFD6A01}.Ad-Hoc|ARM.ActiveCfg = Release|Any CPU
		{75CD58B9-0EF8-4787-A4F8-4450FFFD6A01}.Ad-Hoc|ARM.Build.0 = Release|Any CPU
		{75CD58B9-0EF8-4787-A4F8-4450FFFD6A01}.Ad-Hoc|iPhone.ActiveCfg = Release|Any CPU
		{75CD58B9-0EF8-4787-A4F8-4450FFFD6A01}.Ad-Hoc|iPhone.Build.0 = Release|Any CPU
		{75CD58B9-0EF8-4787-A4F8-4450FFFD6A01}.Ad-Hoc|iPhoneSimulator.ActiveCfg = Release|Any CPU
		{75CD58B9-0EF8-4787-A4F8-4450FFFD6A01}.Ad-Hoc|iPhoneSimulator.Build.0 = Release|Any CPU
		{75CD58B9-0EF8-4787-A4F8-4450FFFD6A01}.Ad-Hoc|x64.ActiveCfg = Release|Any CPU
		{75CD58B9-0EF8-4787-A4F8-4450FFFD6A01}.Ad-Hoc|x64.Build.0 = Release|Any CPU
		{75CD58B9-0EF8-4787-A4F8-4450FFFD6A01}.Ad-Hoc|x86.ActiveCfg = Release|Any CPU
		{75CD58B9-0EF8-4787-A4F8-4450FFFD6A01}.Ad-Hoc|x86.Build.0 = Release|Any CPU
		{75CD58B9-0EF8-4787-A4F8-4450FFFD6A01}.AppStore|Any CPU.ActiveCfg = Release|Any CPU
		{75CD58B9-0EF8-4787-A4F8-4450FFFD6A01}.AppStore|Any CPU.Build.0 = Release|Any CPU
		{75CD58B9-0EF8-4787-A4F8-4450FFFD6A01}.AppStore|ARM.ActiveCfg = Release|Any CPU
		{75CD58B9-0EF8-4787-A4F8-4450FFFD6A01}.AppStore|ARM.Build.0 = Release|Any CPU
		{75CD58B9-0EF8-4787-A4F8-4450FFFD6A01}.AppStore|iPhone.ActiveCfg = Release|Any CPU
		{75CD58B9-0EF8-4787-A4F8-4450FFFD6A01}.AppStore|iPhone.Build.0 = Release|Any CPU
		{75CD58B9-0EF8-4787-A4F8-4450FFFD6A01}.AppStore|iPhoneSimulator.ActiveCfg = Release|Any CPU
		{75CD58B9-0EF8-4787-A4F8-4450FFFD6A01}.AppStore|iPhoneSimulator.Build.0 = Release|Any CPU
		{75CD58B9-0EF8-4787-A4F8-4450FFFD6A01}.AppStore|x64.ActiveCfg = Release|Any CPU
		{75CD58B9-0EF8-4787-A4F8-4450FFFD6A01}.AppStore|x64.Build.0 = Release|Any CPU
		{75CD58B9-0EF8-4787-A4F8-4450FFFD6A01}.AppStore|x86.ActiveCfg = Release|Any CPU
		{75CD58B9-0EF8-4787-A4F8-4450FFFD6A01}.AppStore|x86.Build.0 = Release|Any CPU
		{75CD58B9-0EF8-4787-A4F8-4450FFFD6A01}.Debug|Any CPU.ActiveCfg = Debug|Any CPU
		{75CD58B9-0EF8-4787-A4F8-4450FFFD6A01}.Debug|Any CPU.Build.0 = Debug|Any CPU
		{75CD58B9-0EF8-4787-A4F8-4450FFFD6A01}.Debug|ARM.ActiveCfg = Debug|Any CPU
		{75CD58B9-0EF8-4787-A4F8-4450FFFD6A01}.Debug|ARM.Build.0 = Debug|Any CPU
		{75CD58B9-0EF8-4787-A4F8-4450FFFD6A01}.Debug|iPhone.ActiveCfg = Debug|Any CPU
		{75CD58B9-0EF8-4787-A4F8-4450FFFD6A01}.Debug|iPhone.Build.0 = Debug|Any CPU
		{75CD58B9-0EF8-4787-A4F8-4450FFFD6A01}.Debug|iPhoneSimulator.ActiveCfg = Debug|Any CPU
		{75CD58B9-0EF8-4787-A4F8-4450FFFD6A01}.Debug|iPhoneSimulator.Build.0 = Debug|Any CPU
		{75CD58B9-0EF8-4787-A4F8-4450FFFD6A01}.Debug|x64.ActiveCfg = Debug|Any CPU
		{75CD58B9-0EF8-4787-A4F8-4450FFFD6A01}.Debug|x64.Build.0 = Debug|Any CPU
		{75CD58B9-0EF8-4787-A4F8-4450FFFD6A01}.Debug|x86.ActiveCfg = Debug|Any CPU
		{75CD58B9-0EF8-4787-A4F8-4450FFFD6A01}.Debug|x86.Build.0 = Debug|Any CPU
		{75CD58B9-0EF8-4787-A4F8-4450FFFD6A01}.Release|Any CPU.ActiveCfg = Release|Any CPU
		{75CD58B9-0EF8-4787-A4F8-4450FFFD6A01}.Release|Any CPU.Build.0 = Release|Any CPU
		{75CD58B9-0EF8-4787-A4F8-4450FFFD6A01}.Release|ARM.ActiveCfg = Release|Any CPU
		{75CD58B9-0EF8-4787-A4F8-4450FFFD6A01}.Release|ARM.Build.0 = Release|Any CPU
		{75CD58B9-0EF8-4787-A4F8-4450FFFD6A01}.Release|iPhone.ActiveCfg = Release|Any CPU
		{75CD58B9-0EF8-4787-A4F8-4450FFFD6A01}.Release|iPhone.Build.0 = Release|Any CPU
		{75CD58B9-0EF8-4787-A4F8-4450FFFD6A01}.Release|iPhoneSimulator.ActiveCfg = Release|Any CPU
		{75CD58B9-0EF8-4787-A4F8-4450FFFD6A01}.Release|iPhoneSimulator.Build.0 = Release|Any CPU
		{75CD58B9-0EF8-4787-A4F8-4450FFFD6A01}.Release|x64.ActiveCfg = Release|Any CPU
		{75CD58B9-0EF8-4787-A4F8-4450FFFD6A01}.Release|x64.Build.0 = Release|Any CPU
		{75CD58B9-0EF8-4787-A4F8-4450FFFD6A01}.Release|x86.ActiveCfg = Release|Any CPU
		{75CD58B9-0EF8-4787-A4F8-4450FFFD6A01}.Release|x86.Build.0 = Release|Any CPU
		{B33384E9-BFC1-4076-89AA-C724D92A0119}.Ad-Hoc|Any CPU.ActiveCfg = Release|Any CPU
		{B33384E9-BFC1-4076-89AA-C724D92A0119}.Ad-Hoc|Any CPU.Build.0 = Release|Any CPU
		{B33384E9-BFC1-4076-89AA-C724D92A0119}.Ad-Hoc|Any CPU.Deploy.0 = Release|Any CPU
		{B33384E9-BFC1-4076-89AA-C724D92A0119}.Ad-Hoc|ARM.ActiveCfg = Release|Any CPU
		{B33384E9-BFC1-4076-89AA-C724D92A0119}.Ad-Hoc|ARM.Build.0 = Release|Any CPU
		{B33384E9-BFC1-4076-89AA-C724D92A0119}.Ad-Hoc|ARM.Deploy.0 = Release|Any CPU
		{B33384E9-BFC1-4076-89AA-C724D92A0119}.Ad-Hoc|iPhone.ActiveCfg = Release|Any CPU
		{B33384E9-BFC1-4076-89AA-C724D92A0119}.Ad-Hoc|iPhone.Build.0 = Release|Any CPU
		{B33384E9-BFC1-4076-89AA-C724D92A0119}.Ad-Hoc|iPhone.Deploy.0 = Release|Any CPU
		{B33384E9-BFC1-4076-89AA-C724D92A0119}.Ad-Hoc|iPhoneSimulator.ActiveCfg = Release|Any CPU
		{B33384E9-BFC1-4076-89AA-C724D92A0119}.Ad-Hoc|iPhoneSimulator.Build.0 = Release|Any CPU
		{B33384E9-BFC1-4076-89AA-C724D92A0119}.Ad-Hoc|iPhoneSimulator.Deploy.0 = Release|Any CPU
		{B33384E9-BFC1-4076-89AA-C724D92A0119}.Ad-Hoc|x64.ActiveCfg = Release|Any CPU
		{B33384E9-BFC1-4076-89AA-C724D92A0119}.Ad-Hoc|x64.Build.0 = Release|Any CPU
		{B33384E9-BFC1-4076-89AA-C724D92A0119}.Ad-Hoc|x64.Deploy.0 = Release|Any CPU
		{B33384E9-BFC1-4076-89AA-C724D92A0119}.Ad-Hoc|x86.ActiveCfg = Release|Any CPU
		{B33384E9-BFC1-4076-89AA-C724D92A0119}.Ad-Hoc|x86.Build.0 = Release|Any CPU
		{B33384E9-BFC1-4076-89AA-C724D92A0119}.Ad-Hoc|x86.Deploy.0 = Release|Any CPU
		{B33384E9-BFC1-4076-89AA-C724D92A0119}.AppStore|Any CPU.ActiveCfg = Release|Any CPU
		{B33384E9-BFC1-4076-89AA-C724D92A0119}.AppStore|Any CPU.Build.0 = Release|Any CPU
		{B33384E9-BFC1-4076-89AA-C724D92A0119}.AppStore|Any CPU.Deploy.0 = Release|Any CPU
		{B33384E9-BFC1-4076-89AA-C724D92A0119}.AppStore|ARM.ActiveCfg = Release|Any CPU
		{B33384E9-BFC1-4076-89AA-C724D92A0119}.AppStore|ARM.Build.0 = Release|Any CPU
		{B33384E9-BFC1-4076-89AA-C724D92A0119}.AppStore|ARM.Deploy.0 = Release|Any CPU
		{B33384E9-BFC1-4076-89AA-C724D92A0119}.AppStore|iPhone.ActiveCfg = Release|Any CPU
		{B33384E9-BFC1-4076-89AA-C724D92A0119}.AppStore|iPhone.Build.0 = Release|Any CPU
		{B33384E9-BFC1-4076-89AA-C724D92A0119}.AppStore|iPhone.Deploy.0 = Release|Any CPU
		{B33384E9-BFC1-4076-89AA-C724D92A0119}.AppStore|iPhoneSimulator.ActiveCfg = Release|Any CPU
		{B33384E9-BFC1-4076-89AA-C724D92A0119}.AppStore|iPhoneSimulator.Build.0 = Release|Any CPU
		{B33384E9-BFC1-4076-89AA-C724D92A0119}.AppStore|iPhoneSimulator.Deploy.0 = Release|Any CPU
		{B33384E9-BFC1-4076-89AA-C724D92A0119}.AppStore|x64.ActiveCfg = Release|Any CPU
		{B33384E9-BFC1-4076-89AA-C724D92A0119}.AppStore|x64.Build.0 = Release|Any CPU
		{B33384E9-BFC1-4076-89AA-C724D92A0119}.AppStore|x64.Deploy.0 = Release|Any CPU
		{B33384E9-BFC1-4076-89AA-C724D92A0119}.AppStore|x86.ActiveCfg = Release|Any CPU
		{B33384E9-BFC1-4076-89AA-C724D92A0119}.AppStore|x86.Build.0 = Release|Any CPU
		{B33384E9-BFC1-4076-89AA-C724D92A0119}.AppStore|x86.Deploy.0 = Release|Any CPU
		{B33384E9-BFC1-4076-89AA-C724D92A0119}.Debug|Any CPU.ActiveCfg = Debug|Any CPU
		{B33384E9-BFC1-4076-89AA-C724D92A0119}.Debug|Any CPU.Build.0 = Debug|Any CPU
		{B33384E9-BFC1-4076-89AA-C724D92A0119}.Debug|Any CPU.Deploy.0 = Debug|Any CPU
		{B33384E9-BFC1-4076-89AA-C724D92A0119}.Debug|ARM.ActiveCfg = Debug|Any CPU
		{B33384E9-BFC1-4076-89AA-C724D92A0119}.Debug|ARM.Build.0 = Debug|Any CPU
		{B33384E9-BFC1-4076-89AA-C724D92A0119}.Debug|ARM.Deploy.0 = Debug|Any CPU
		{B33384E9-BFC1-4076-89AA-C724D92A0119}.Debug|iPhone.ActiveCfg = Debug|Any CPU
		{B33384E9-BFC1-4076-89AA-C724D92A0119}.Debug|iPhone.Build.0 = Debug|Any CPU
		{B33384E9-BFC1-4076-89AA-C724D92A0119}.Debug|iPhone.Deploy.0 = Debug|Any CPU
		{B33384E9-BFC1-4076-89AA-C724D92A0119}.Debug|iPhoneSimulator.ActiveCfg = Debug|Any CPU
		{B33384E9-BFC1-4076-89AA-C724D92A0119}.Debug|iPhoneSimulator.Build.0 = Debug|Any CPU
		{B33384E9-BFC1-4076-89AA-C724D92A0119}.Debug|iPhoneSimulator.Deploy.0 = Debug|Any CPU
		{B33384E9-BFC1-4076-89AA-C724D92A0119}.Debug|x64.ActiveCfg = Debug|Any CPU
		{B33384E9-BFC1-4076-89AA-C724D92A0119}.Debug|x64.Build.0 = Debug|Any CPU
		{B33384E9-BFC1-4076-89AA-C724D92A0119}.Debug|x64.Deploy.0 = Debug|Any CPU
		{B33384E9-BFC1-4076-89AA-C724D92A0119}.Debug|x86.ActiveCfg = Debug|Any CPU
		{B33384E9-BFC1-4076-89AA-C724D92A0119}.Debug|x86.Build.0 = Debug|Any CPU
		{B33384E9-BFC1-4076-89AA-C724D92A0119}.Debug|x86.Deploy.0 = Debug|Any CPU
		{B33384E9-BFC1-4076-89AA-C724D92A0119}.Release|Any CPU.ActiveCfg = Release|Any CPU
		{B33384E9-BFC1-4076-89AA-C724D92A0119}.Release|Any CPU.Build.0 = Release|Any CPU
		{B33384E9-BFC1-4076-89AA-C724D92A0119}.Release|Any CPU.Deploy.0 = Release|Any CPU
		{B33384E9-BFC1-4076-89AA-C724D92A0119}.Release|ARM.ActiveCfg = Release|Any CPU
		{B33384E9-BFC1-4076-89AA-C724D92A0119}.Release|ARM.Build.0 = Release|Any CPU
		{B33384E9-BFC1-4076-89AA-C724D92A0119}.Release|ARM.Deploy.0 = Release|Any CPU
		{B33384E9-BFC1-4076-89AA-C724D92A0119}.Release|iPhone.ActiveCfg = Release|Any CPU
		{B33384E9-BFC1-4076-89AA-C724D92A0119}.Release|iPhone.Build.0 = Release|Any CPU
		{B33384E9-BFC1-4076-89AA-C724D92A0119}.Release|iPhone.Deploy.0 = Release|Any CPU
		{B33384E9-BFC1-4076-89AA-C724D92A0119}.Release|iPhoneSimulator.ActiveCfg = Release|Any CPU
		{B33384E9-BFC1-4076-89AA-C724D92A0119}.Release|iPhoneSimulator.Build.0 = Release|Any CPU
		{B33384E9-BFC1-4076-89AA-C724D92A0119}.Release|iPhoneSimulator.Deploy.0 = Release|Any CPU
		{B33384E9-BFC1-4076-89AA-C724D92A0119}.Release|x64.ActiveCfg = Release|Any CPU
		{B33384E9-BFC1-4076-89AA-C724D92A0119}.Release|x64.Build.0 = Release|Any CPU
		{B33384E9-BFC1-4076-89AA-C724D92A0119}.Release|x64.Deploy.0 = Release|Any CPU
		{B33384E9-BFC1-4076-89AA-C724D92A0119}.Release|x86.ActiveCfg = Release|Any CPU
		{B33384E9-BFC1-4076-89AA-C724D92A0119}.Release|x86.Build.0 = Release|Any CPU
		{B33384E9-BFC1-4076-89AA-C724D92A0119}.Release|x86.Deploy.0 = Release|Any CPU
		{AA2DED44-02DC-4C81-B0AE-A8785BC7AA31}.Ad-Hoc|Any CPU.ActiveCfg = Ad-Hoc|iPhone
		{AA2DED44-02DC-4C81-B0AE-A8785BC7AA31}.Ad-Hoc|ARM.ActiveCfg = Ad-Hoc|iPhone
		{AA2DED44-02DC-4C81-B0AE-A8785BC7AA31}.Ad-Hoc|iPhone.ActiveCfg = Ad-Hoc|iPhone
		{AA2DED44-02DC-4C81-B0AE-A8785BC7AA31}.Ad-Hoc|iPhone.Build.0 = Ad-Hoc|iPhone
		{AA2DED44-02DC-4C81-B0AE-A8785BC7AA31}.Ad-Hoc|iPhoneSimulator.ActiveCfg = Ad-Hoc|iPhoneSimulator
		{AA2DED44-02DC-4C81-B0AE-A8785BC7AA31}.Ad-Hoc|iPhoneSimulator.Build.0 = Ad-Hoc|iPhoneSimulator
		{AA2DED44-02DC-4C81-B0AE-A8785BC7AA31}.Ad-Hoc|x64.ActiveCfg = Ad-Hoc|iPhone
		{AA2DED44-02DC-4C81-B0AE-A8785BC7AA31}.Ad-Hoc|x86.ActiveCfg = Ad-Hoc|iPhone
		{AA2DED44-02DC-4C81-B0AE-A8785BC7AA31}.AppStore|Any CPU.ActiveCfg = AppStore|iPhone
		{AA2DED44-02DC-4C81-B0AE-A8785BC7AA31}.AppStore|ARM.ActiveCfg = AppStore|iPhone
		{AA2DED44-02DC-4C81-B0AE-A8785BC7AA31}.AppStore|iPhone.ActiveCfg = AppStore|iPhone
		{AA2DED44-02DC-4C81-B0AE-A8785BC7AA31}.AppStore|iPhone.Build.0 = AppStore|iPhone
		{AA2DED44-02DC-4C81-B0AE-A8785BC7AA31}.AppStore|iPhoneSimulator.ActiveCfg = AppStore|iPhoneSimulator
		{AA2DED44-02DC-4C81-B0AE-A8785BC7AA31}.AppStore|iPhoneSimulator.Build.0 = AppStore|iPhoneSimulator
		{AA2DED44-02DC-4C81-B0AE-A8785BC7AA31}.AppStore|x64.ActiveCfg = AppStore|iPhone
		{AA2DED44-02DC-4C81-B0AE-A8785BC7AA31}.AppStore|x86.ActiveCfg = AppStore|iPhone
		{AA2DED44-02DC-4C81-B0AE-A8785BC7AA31}.Debug|Any CPU.ActiveCfg = Debug|iPhone
		{AA2DED44-02DC-4C81-B0AE-A8785BC7AA31}.Debug|ARM.ActiveCfg = Debug|iPhone
		{AA2DED44-02DC-4C81-B0AE-A8785BC7AA31}.Debug|iPhone.ActiveCfg = Debug|iPhone
		{AA2DED44-02DC-4C81-B0AE-A8785BC7AA31}.Debug|iPhone.Build.0 = Debug|iPhone
		{AA2DED44-02DC-4C81-B0AE-A8785BC7AA31}.Debug|iPhoneSimulator.ActiveCfg = Debug|iPhoneSimulator
		{AA2DED44-02DC-4C81-B0AE-A8785BC7AA31}.Debug|iPhoneSimulator.Build.0 = Debug|iPhoneSimulator
		{AA2DED44-02DC-4C81-B0AE-A8785BC7AA31}.Debug|x64.ActiveCfg = Debug|iPhone
		{AA2DED44-02DC-4C81-B0AE-A8785BC7AA31}.Debug|x86.ActiveCfg = Debug|iPhone
		{AA2DED44-02DC-4C81-B0AE-A8785BC7AA31}.Release|Any CPU.ActiveCfg = Release|iPhone
		{AA2DED44-02DC-4C81-B0AE-A8785BC7AA31}.Release|ARM.ActiveCfg = Release|iPhone
		{AA2DED44-02DC-4C81-B0AE-A8785BC7AA31}.Release|iPhone.ActiveCfg = Release|iPhone
		{AA2DED44-02DC-4C81-B0AE-A8785BC7AA31}.Release|iPhone.Build.0 = Release|iPhone
		{AA2DED44-02DC-4C81-B0AE-A8785BC7AA31}.Release|iPhoneSimulator.ActiveCfg = Release|iPhoneSimulator
		{AA2DED44-02DC-4C81-B0AE-A8785BC7AA31}.Release|iPhoneSimulator.Build.0 = Release|iPhoneSimulator
		{AA2DED44-02DC-4C81-B0AE-A8785BC7AA31}.Release|x64.ActiveCfg = Release|iPhone
		{AA2DED44-02DC-4C81-B0AE-A8785BC7AA31}.Release|x86.ActiveCfg = Release|iPhone
	EndGlobalSection
	GlobalSection(SolutionProperties) = preSolution
		HideSolutionNode = FALSE
	EndGlobalSection
	GlobalSection(NestedProjects) = preSolution
		{B33384E9-BFC1-4076-89AA-C724D92A0119} = {A9ED765C-CE0C-4793-B6A8-BA4E284F3ACA}
		{AA2DED44-02DC-4C81-B0AE-A8785BC7AA31} = {A9ED765C-CE0C-4793-B6A8-BA4E284F3ACA}
	EndGlobalSection
EndGlobal
